{
  "name": "nods js",
  "lockfileVersion": 3,
  "requires": true,
  "packages": {
    "": {
      "dependencies": {
        "@darrellvs/node-wave-link-sdk": "^2.0.4",
        "ws": "^8.21.0"
      }
    },
    "node_modules/@darrellvs/node-wave-link-sdk": {
      "version": "2.0.4",
      "resolved": "https://registry.npmjs.org/@darrellvs/node-wave-link-sdk/-/node-wave-link-sdk-2.0.4.tgz",
      "integrity": "sha512-TZAFS66LHw9CPF9csWDk3LKpWof/CzQeo40vD3ShBAQh8x6dl938sHQanPXsRNzK7AHxrESHl5x9IvrVG3wK/g==",
      "license": "ISC",
      "dependencies": {
        "ws": "^8.13.0"
      }
    },
    "node_modules/ws": {
      "version": "8.21.0",
      "resolved": "https://registry.npmjs.org/ws/-/ws-8.21.0.tgz",
      "integrity": "sha512-Vsp28b7DRcimFQvrqu2Wek3z1iYxDCWqHYB8Qsnk/S4RfaCQzPGPyBNuVjJV3cd6UiKtUtp6sNM77gWvzcCH+g==",
      "license": "MIT",
      "engines": {
        "node": ">=10.0.0"
      },
      "peerDependencies": {
        "bufferutil": "^4.0.1",
        "utf-8-validate": ">=5.0.2"
      },
      "peerDependenciesMeta": {
        "bufferutil": {
          "optional": true
        },
        "utf-8-validate": {
          "optional": true
        }
      }
    }
  }
}
